
Microsoft Visual Studio Solution File, Format Version 12.00
# Visual Studio 15
VisualStudioVersion = 15.0.26730.12
MinimumVisualStudioVersion = 10.0.40219.1
Project("{FAE04EC0-301F-11D3-BF4B-00C04F79EFBC}") = "removenamedouble", "removenamedouble\removenamedouble.csproj", "{6D74591D-5847-4231-8488-68F8E040D6D0}"
EndProject
Global
	GlobalSection(SolutionConfigurationPlatforms) = preSolution
		Debug|Any CPU = Debug|Any CPU
		Release|Any CPU = Release|Any CPU
	EndGlobalSection
	GlobalSection(ProjectConfigurationPlatforms) = postSolution
		{6D74591D-5847-4231-8488-68F8E040D6D0}.Debug|Any CPU.ActiveCfg = Debug|Any CPU
		{6D74591D-5847-4231-8488-68F8E040D6D0}.Debug|Any CPU.Build.0 = Debug|Any CPU
		{6D74591D-5847-4231-8488-68F8E040D6D0}.Release|Any CPU.ActiveCfg = Release|Any CPU
		{6D74591D-5847-4231-8488-68F8E040D6D0}.Release|Any CPU.Build.0 = Release|Any CPU
	EndGlobalSection
	GlobalSection(SolutionProperties) = preSolution
		HideSolutionNode = FALSE
	EndGlobalSection
	GlobalSection(ExtensibilityGlobals) = postSolution
		SolutionGuid = {F9B1B999-422C-4BC0-BCAC-3B12A4A94AB9}
	EndGlobalSection
EndGlobal
